Microsoft Visual Studio Solution File, Format Version 12.00
# Visual Studio Version 17
VisualStudioVersion = 17.5.2.0
MinimumVisualStudioVersion = 10.0.40219.1
Project("{FAE04EC0-301F-11D3-BF4B-00C04F79EFBC}") = "kindergarten", "kindergarten.csproj", "{8B910530-F8D7-526F-0D2F-3122C9608703}"
EndProject
Global
	GlobalSection(SolutionConfigurationPlatforms) = preSolution
		Debug|Any CPU = Debug|Any CPU
		Release|Any CPU = Release|Any CPU
	EndGlobalSection
	GlobalSection(ProjectConfigurationPlatforms) = postSolution
		{8B910530-F8D7-526F-0D2F-3122C9608703}.Debug|Any CPU.ActiveCfg = Debug|Any CPU
		{8B910530-F8D7-526F-0D2F-3122C9608703}.Debug|Any CPU.Build.0 = Debug|Any CPU
		{8B910530-F8D7-526F-0D2F-3122C9608703}.Release|Any CPU.ActiveCfg = Release|Any CPU
		{8B910530-F8D7-526F-0D2F-3122C9608703}.Release|Any CPU.Build.0 = Release|Any CPU
	EndGlobalSection
	GlobalSection(SolutionProperties) = preSolution
		HideSolutionNode = FALSE
	EndGlobalSection
	GlobalSection(ExtensibilityGlobals) = postSolution
		SolutionGuid = {7EB13CEA-D895-46B1-B01D-D42B3356F93B}
	EndGlobalSection
EndGlobal
